{
  "version": "3",
  "packages": {
    "specifiers": {
      "jsr:@oak/commons@0.7": "jsr:@oak/commons@0.7.0",
      "jsr:@oak/oak@14": "jsr:@oak/oak@14.2.0",
      "jsr:@std/assert@0.218": "jsr:@std/assert@0.218.2",
      "jsr:@std/assert@^0.218.2": "jsr:@std/assert@0.218.2",
      "jsr:@std/bytes@0.218": "jsr:@std/bytes@0.218.2",
      "jsr:@std/bytes@^0.218.2": "jsr:@std/bytes@0.218.2",
      "jsr:@std/crypto@0.218": "jsr:@std/crypto@0.218.2",
      "jsr:@std/encoding@0.218": "jsr:@std/encoding@0.218.2",
      "jsr:@std/encoding@^0.218.2": "jsr:@std/encoding@0.218.2",
      "jsr:@std/http@0.218": "jsr:@std/http@0.218.2",
      "jsr:@std/io@0.218": "jsr:@std/io@0.218.2",
      "jsr:@std/media-types@0.218": "jsr:@std/media-types@0.218.2",
      "jsr:@std/path@0.218": "jsr:@std/path@0.218.2",
      "npm:@types/node": "npm:@types/node@18.16.19",
      "npm:path-to-regexp@6.2.1": "npm:path-to-regexp@6.2.1",
      "npm:prisma": "npm:prisma@5.11.0",
      "npm:prisma@5.11": "npm:prisma@5.11.0",
      "npm:prisma@^5.11.0": "npm:prisma@5.11.0"
    },
    "jsr": {
      "@oak/commons@0.7.0": {
        "integrity": "4bd889b3dc9ddac1b602034d88c137f06de7078775961b51081beb5f175c120b"
      },
      "@oak/oak@14.2.0": {
        "integrity": "b683b089693004ac3bca80b52159b3e9ad214dc8246ff5dc61ba658da78bc166",
        "dependencies": [
          "jsr:@oak/commons@0.7",
          "jsr:@std/assert@0.218",
          "jsr:@std/bytes@0.218",
          "jsr:@std/crypto@0.218",
          "jsr:@std/encoding@0.218",
          "jsr:@std/http@0.218",
          "jsr:@std/io@0.218",
          "jsr:@std/media-types@0.218",
          "jsr:@std/path@0.218",
          "npm:path-to-regexp@6.2.1"
        ]
      },
      "@std/assert@0.218.2": {
        "integrity": "7f0a5a1a8cf86607cd6c2c030584096e1ffad27fc9271429a8cb48cfbdee5eaf"
      },
      "@std/bytes@0.218.2": {
        "integrity": "91fe54b232dcca73856b79a817247f4a651dbb60d51baafafb6408c137241670"
      },
      "@std/crypto@0.218.2": {
        "integrity": "8c5031a3a1c3ac3bed3c0d4bed2fe7e7faedcb673bbfa0edd10570c8452f5cd2",
        "dependencies": [
          "jsr:@std/assert@^0.218.2",
          "jsr:@std/encoding@^0.218.2"
        ]
      },
      "@std/encoding@0.218.2": {
        "integrity": "da55a763c29bf0dbf06fd286430b358266eb99c28789d89fe9a3e28edecb8d8e"
      },
      "@std/http@0.218.2": {
        "integrity": "54223b62702e665b9dab6373ea2e51235e093ef47228d21cfa0469ee5ac75c9b",
        "dependencies": [
          "jsr:@std/assert@^0.218.2",
          "jsr:@std/encoding@^0.218.2"
        ]
      },
      "@std/io@0.218.2": {
        "integrity": "c64fbfa087b7c9d4d386c5672f291f607d88cb7d44fc299c20c713e345f2785f",
        "dependencies": [
          "jsr:@std/bytes@^0.218.2"
        ]
      },
      "@std/media-types@0.218.2": {
        "integrity": "1ed3bd2a05e44bad3fc2bab1767d0ce7f2fd68baee62a980751ce51633acb788"
      },
      "@std/path@0.218.2": {
        "integrity": "b568fd923d9e53ad76d17c513e7310bda8e755a3e825e6289a0ce536404e2662",
        "dependencies": [
          "jsr:@std/assert@^0.218.2"
        ]
      }
    },
    "npm": {
      "@prisma/debug@5.11.0": {
        "integrity": "sha512-N6yYr3AbQqaiUg+OgjkdPp3KPW1vMTAgtKX6+BiB/qB2i1TjLYCrweKcUjzOoRM5BriA4idrkTej9A9QqTfl3A==",
        "dependencies": {}
      },
      "@prisma/engines-version@5.11.0-15.efd2449663b3d73d637ea1fd226bafbcf45b3102": {
        "integrity": "sha512-WXCuyoymvrS4zLz4wQagSsc3/nE6CHy8znyiMv8RKazKymOMd5o9FP5RGwGHAtgoxd+aB/BWqxuP/Ckfu7/3MA==",
        "dependencies": {}
      },
      "@prisma/engines@5.11.0": {
        "integrity": "sha512-gbrpQoBTYWXDRqD+iTYMirDlF9MMlQdxskQXbhARhG6A/uFQjB7DZMYocMQLoiZXO/IskfDOZpPoZE8TBQKtEw==",
        "dependencies": {
          "@prisma/debug": "@prisma/debug@5.11.0",
          "@prisma/engines-version": "@prisma/engines-version@5.11.0-15.efd2449663b3d73d637ea1fd226bafbcf45b3102",
          "@prisma/fetch-engine": "@prisma/fetch-engine@5.11.0",
          "@prisma/get-platform": "@prisma/get-platform@5.11.0"
        }
      },
      "@prisma/fetch-engine@5.11.0": {
        "integrity": "sha512-994viazmHTJ1ymzvWugXod7dZ42T2ROeFuH6zHPcUfp/69+6cl5r9u3NFb6bW8lLdNjwLYEVPeu3hWzxpZeC0w==",
        "dependencies": {
          "@prisma/debug": "@prisma/debug@5.11.0",
          "@prisma/engines-version": "@prisma/engines-version@5.11.0-15.efd2449663b3d73d637ea1fd226bafbcf45b3102",
          "@prisma/get-platform": "@prisma/get-platform@5.11.0"
        }
      },
      "@prisma/get-platform@5.11.0": {
        "integrity": "sha512-rxtHpMLxNTHxqWuGOLzR2QOyQi79rK1u1XYAVLZxDGTLz/A+uoDnjz9veBFlicrpWjwuieM4N6jcnjj/DDoidw==",
        "dependencies": {
          "@prisma/debug": "@prisma/debug@5.11.0"
        }
      },
      "@types/node@18.16.19": {
        "integrity": "sha512-IXl7o+R9iti9eBW4Wg2hx1xQDig183jj7YLn8F7udNceyfkbn1ZxmzZXuak20gR40D7pIkIY1kYGx5VIGbaHKA==",
        "dependencies": {}
      },
      "path-to-regexp@6.2.1": {
        "integrity": "sha512-JLyh7xT1kizaEvcaXOQwOc2/Yhw6KZOvPf1S8401UyLk86CU79LN3vl7ztXGm/pZ+YjoyAJ4rxmHwbkBXJX+yw==",
        "dependencies": {}
      },
      "prisma@5.11.0": {
        "integrity": "sha512-KCLiug2cs0Je7kGkQBN9jDWoZ90ogE/kvZTUTgz2h94FEo8pczCkPH7fPNXkD1sGU7Yh65risGGD1HQ5DF3r3g==",
        "dependencies": {
          "@prisma/engines": "@prisma/engines@5.11.0"
        }
      }
    }
  },
  "redirects": {
    "https://deno.land/x/evt/mod.ts": "https://deno.land/x/evt@v2.5.7/mod.ts",
    "https://deno.land/x/oak/mod.ts": "https://deno.land/x/oak@14.2.0/mod.ts"
  },
  "remote": {
    "https://deno.land/std@0.220.1/dotenv/mod.ts": "0180eaeedaaf88647318811cdaa418cc64dc51fb08354f91f5f480d0a1309f7d",
    "https://deno.land/std@0.220.1/dotenv/parse.ts": "09977ff88dfd1f24f9973a338f0f91bbdb9307eb5ff6085446e7c423e4c7ba0c",
    "https://deno.land/std@0.220.1/dotenv/stringify.ts": "0047ad7068289735d08964046aea267a750c141b494ca0e38831b89be6c020c2",
    "https://deno.land/std@0.92.0/_util/assert.ts": "2f868145a042a11d5ad0a3c748dcf580add8a0dbc0e876eaa0026303a5488f58",
    "https://deno.land/std@0.92.0/_util/has_own_property.ts": "f5edd94ed3f3c20c517d812045deb97977e18501c9b7105b5f5c11a31893d7a2",
    "https://deno.land/std@0.92.0/async/deferred.ts": "624bef4b755b71394620508a0c234a93cb8020cbd1b04bfcdad41c174392cef6",
    "https://deno.land/std@0.92.0/async/delay.ts": "9de1d8d07d1927767ab7f82434b883f3d8294fb19cad819691a2ad81a728cf3d",
    "https://deno.land/std@0.92.0/async/mod.ts": "253b41c658d768613eacfb11caa0a9ca7148442f932018a45576f7f27554c853",
    "https://deno.land/std@0.92.0/async/mux_async_iterator.ts": "b9091909db04cdb0af6f7807677372f64c1488de6c4bd86004511b064bf230d6",
    "https://deno.land/std@0.92.0/async/pool.ts": "876f9e6815366cd017a3b4fbb9e9ae40310b1b6972f1bd541c94358bc11fb7e5",
    "https://deno.land/std@0.92.0/bytes/mod.ts": "1ae1ccfe98c4b979f12b015982c7444f81fcb921bea7aa215bf37d84f46e1e13",
    "https://deno.land/std@0.92.0/fmt/colors.ts": "db22b314a2ae9430ae7460ce005e0a7130e23ae1c999157e3bb77cf55800f7e4",
    "https://deno.land/std@0.92.0/hash/sha1.ts": "1cca324b4b253885a47f121adafcfac55b4cc96113e22b338e1db26f37a730b8",
    "https://deno.land/std@0.92.0/http/_io.ts": "bf1331dd3be8aace9120614c1fedc2bb2449edc4779e31b74c0181ea9173f702",
    "https://deno.land/std@0.92.0/http/http_status.ts": "ebaa9bebfb8adc3d7b20c49e11037e4eefd79629ad80d81383933f4cdc91b3eb",
    "https://deno.land/std@0.92.0/http/server.ts": "d4e17c2aa5a5c65a2d19b9f24483be5f6c2a3e03665996fdf973e53c43091b48",
    "https://deno.land/std@0.92.0/io/buffer.ts": "2a92f02c1d8daaebaf13e5678ea5969c89f4fab533f687b9e7e86f49f11c3118",
    "https://deno.land/std@0.92.0/io/bufio.ts": "4053ea5d978479be68ae4d73424045a59c6b7a6e8f66727e4bfde516baa07126",
    "https://deno.land/std@0.92.0/io/ioutil.ts": "275fa440494df9b4b3aa656301ced2eeac533feec128b3a39b2b40f4cd957e42",
    "https://deno.land/std@0.92.0/io/util.ts": "03ca10e063afce551c501505c607ec336a40b9cb72363f5508e2a9ac81096bbf",
    "https://deno.land/std@0.92.0/node/_utils.ts": "33b06f2877d3ee80f17190ee81fdc436755ce74b9c2a9a4492c7cdfe2a03e4c6",
    "https://deno.land/std@0.92.0/node/events.ts": "0feda0707e2229363f5df8b799fed41bb91de6ca7106f27c7a9f0a02ea11b9d4",
    "https://deno.land/std@0.92.0/testing/_diff.ts": "961eaf6d9f5b0a8556c9d835bbc6fa74f5addd7d3b02728ba7936ff93364f7a3",
    "https://deno.land/std@0.92.0/testing/asserts.ts": "83889f9a37bdab16cb68b023a15f9172ceb644f62c0e727c72d4870a666e53d6",
    "https://deno.land/std@0.92.0/textproto/mod.ts": "1c89b39a079dd158893ab2e9ff79391c66049433d6ca82da7d64b32280570d51",
    "https://deno.land/std@0.92.0/ws/mod.ts": "bc521b3066441eb115ac94e3507bcc73098542f81d8d3ce7aad8d837316ce990",
    "https://deno.land/x/cors@v1.2.2/abcCors.ts": "cdf83a7eaa69a1bf3ab910d18b9422217902fac47601adcaf0afac5a61845d48",
    "https://deno.land/x/cors@v1.2.2/attainCors.ts": "7d6aba0f942495cc31119604e0895c9bb8edd8f8baa7fe78e6c655bd0b4cbf59",
    "https://deno.land/x/cors@v1.2.2/cors.ts": "0e2d9167e3685f9bcf48f565e312b6e1883fa458f7337e5ce7bc2e3b29767980",
    "https://deno.land/x/cors@v1.2.2/mithCors.ts": "3a359d6e716e0410ede278ab54d875b293a2d66d838aaa7cfbf9ddc1e9e990d3",
    "https://deno.land/x/cors@v1.2.2/mod.ts": "2b351913f56d77ad80cb3b8633d4539c9eeddb426dae79437ada0e6a9cb4f1a6",
    "https://deno.land/x/cors@v1.2.2/oakCors.ts": "1348dc7673c61b85d2e80559a7b44f8e0246eaa6bcc6ec744fafe5d9b13b5c71",
    "https://deno.land/x/cors@v1.2.2/opineCors.ts": "fb5790115c26b7061d84b8d6c17d258a1e241bcab75b0bc3ca1fdb2e57bc5072",
    "https://deno.land/x/cors@v1.2.2/types.ts": "97546633ccc7f0df7a29bacba5d91dc6f61decdd1b65258300244dba905d34b8",
    "https://deno.land/x/oak@14.2.0/application.ts": "27242ca872580c44321b71e2581bcb7a81004b326b06bb7e90c2625278e405c2",
    "https://deno.land/x/oak@14.2.0/body.ts": "da0ad584c6fb8acbe3ccad288ebb5e5cfd5e65e8186c0f6d43516bb6c11fb968",
    "https://deno.land/x/oak@14.2.0/content_disposition.ts": "8b8c3cb2fba7138cd5b7f82fc3b5ea39b33db924a824b28261659db7e164621e",
    "https://deno.land/x/oak@14.2.0/context.ts": "6a48ba99151478c5f7fd84072f722f9d20dd73816f175f001dbb8716a5225f6f",
    "https://deno.land/x/oak@14.2.0/deps.ts": "9fdb7a99720ad023d609dda13f5d0cb995e8b5cc0e223e08cf2b1fb94c1ddca6",
    "https://deno.land/x/oak@14.2.0/etag.ts": "68d2b34b6bbf41a5e57181f26a90e22ab2f5230d77bf7679b567444fb1a107de",
    "https://deno.land/x/oak@14.2.0/form_data.ts": "dd3599c3b8e47e154434bf43049898187519117403d3494433a68d708f0d1937",
    "https://deno.land/x/oak@14.2.0/forwarded.ts": "97fa621071e4878ce64196055b49cdf8ee63f1bb39185c9446bfb817c209bcc9",
    "https://deno.land/x/oak@14.2.0/headers.ts": "4d74f92a6eda8746473612c04176823e3d12c52189aa4239e624a8ae61835f14",
    "https://deno.land/x/oak@14.2.0/helpers.ts": "d198b50cb13abb1629406882a483c078015d75b3343991ad8ec69aabff879372",
    "https://deno.land/x/oak@14.2.0/http_server_bun.ts": "7d36a3caab01578545257f8d197abc063d30f2df88529ba2e845006c74223910",
    "https://deno.land/x/oak@14.2.0/http_server_native.ts": "ee1598e4bf798a0f6dfc04cde6639d318f73ae25963b13bacc355466e369758a",
    "https://deno.land/x/oak@14.2.0/http_server_native_request.ts": "e34b9ef0e4a52bd3d5d761fff010256612e538aba1bef643c5ea805931e6a410",
    "https://deno.land/x/oak@14.2.0/http_server_node.ts": "9ab25aae469e52aecd4cca85345a8e8ad9af6112a96728c13900ab6d51558ab9",
    "https://deno.land/x/oak@14.2.0/middleware.ts": "5165e0c18f0a3b92bf01ca9d9f0ae211b30ca9b23a9460f11334459a2ff715aa",
    "https://deno.land/x/oak@14.2.0/middleware/proxy.ts": "c136d22c3e396fdee6a9c2e2ba65388bb895d0f82af412c197bc7cda69e5664e",
    "https://deno.land/x/oak@14.2.0/middleware/serve.ts": "83f6559b4cd5e5d30bcbe6acc8478bb7dbcb98af719952bc2810e2d6ead664ea",
    "https://deno.land/x/oak@14.2.0/mod.ts": "0d29f7941ab1f170436a15c3c1f5de4fa94fbe32f4ec79732ed6e06c6b581ceb",
    "https://deno.land/x/oak@14.2.0/node_shims.ts": "4db1569b2b79b73f37c4d947f4aaa50a93e266d48fe67601c8a31af17a28884d",
    "https://deno.land/x/oak@14.2.0/range.ts": "789cb5bc86987843c4ea47e054cad6ceacfbe853c0a57f37a46596b8215c458e",
    "https://deno.land/x/oak@14.2.0/request.ts": "86ea0498e934257ecc07d15ea83493547d9db49a29ae98b4bc76ab234e7d862b",
    "https://deno.land/x/oak@14.2.0/response.ts": "b1985ece7b727d5ba8830ada09318f98ff967b25f63f3e976fc2ebda03b59750",
    "https://deno.land/x/oak@14.2.0/router.ts": "568e45888c8a2a571e983129f337f8a944f492653ec943328dd58a4eb914c599",
    "https://deno.land/x/oak@14.2.0/send.ts": "2ca6b54b16092ab209e2cbea1803947d101c5381bd59a84df5ce44cb1811999d",
    "https://deno.land/x/oak@14.2.0/structured_clone.ts": "a01fa10ea9aae733264557f962630f155873d3bf45dbb2a8e53be5daa1b8cf5a",
    "https://deno.land/x/oak@14.2.0/testing.ts": "157711ade8634f9377ca87147db4317861d51388c82e0da4ae829c142a123db8",
    "https://deno.land/x/oak@14.2.0/types.ts": "09f0494db5d642e3492d23cd46da665d2df2590ef7e987b0412659260453d1f9",
    "https://deno.land/x/oak@14.2.0/util.ts": "22fb55001472158ed4bdf53ce1a6848e10860507aa9a2e16d0b92d2b420f2a90",
    "https://deno.land/x/websocket@v0.1.4/deps.ts": "1299887e27e09209d2eedc5c3b6552090842fac9e08f00dd235de39219efbd42",
    "https://deno.land/x/websocket@v0.1.4/lib/errors.ts": "efb2251dac1ac2036809b0bfb520d737aee70e362eba1e287c84d5299fb211e8",
    "https://deno.land/x/websocket@v0.1.4/lib/websocket.ts": "3363e0a8f59284de5439f5f3bd8831b65a2cfba047113fbc72e32934ebec3208",
    "https://deno.land/x/websocket@v0.1.4/mod.ts": "6b24e14dd1c5d64c1671dd678ca545cce9e2ebc91f67e8be864069808b948267"
  },
  "workspace": {
    "packageJson": {
      "dependencies": [
        "npm:@prisma/client@^5.11.0",
        "npm:prisma@^5.11.0"
      ]
    }
  }
}
